
Microsoft Visual Studio Solution File, Format Version 12.00
# Visual Studio Version 17
VisualStudioVersion = 17.0.31903.59
MinimumVisualStudioVersion = 10.0.40219.1
Project("{2150E333-8FDC-42A3-9474-1A3956D46DE8}") = "src", "src", "{827E0CD3-B72D-47B6-A68D-7590B98EB39B}"
EndProject
Project("{FAE04EC0-301F-11D3-BF4B-00C04F79EFBC}") = "Trading.Models", "src\Trading.Models\Trading.Models.csproj", "{7C8B3A2F-1E4D-4A3B-9C2B-5F6E8D9A1B3C}"
EndProject
Project("{FAE04EC0-301F-11D3-BF4B-00C04F79EFBC}") = "Trading.Core", "src\Trading.Core\Trading.Core.csproj", "{2FBFDC7B-E71A-453F-8C83-64C7F2E052A6}"
EndProject
Project("{FAE04EC0-301F-11D3-BF4B-00C04F79EFBC}") = "Trading.Infrastructure", "src\Trading.Infrastructure\Trading.Infrastructure.csproj", "{BB400B30-A7E3-43EC-B408-DAF4DD30EE7E}"
EndProject
Project("{FAE04EC0-301F-11D3-BF4B-00C04F79EFBC}") = "Trading.Services", "src\Trading.Services\Trading.Services.csproj", "{D33DD917-D343-4C80-8A92-0C14EFF3AED0}"
EndProject
Project("{FAE04EC0-301F-11D3-BF4B-00C04F79EFBC}") = "Trading.Web", "src\Trading.Web\Trading.Web.csproj", "{031D8107-E8C5-417D-9E31-59CE09AF0836}"
EndProject
Global
	GlobalSection(SolutionConfigurationPlatforms) = preSolution
		Debug|Any CPU = Debug|Any CPU
		Debug|x64 = Debug|x64
		Debug|x86 = Debug|x86
		Release|Any CPU = Release|Any CPU
		Release|x64 = Release|x64
		Release|x86 = Release|x86
	EndGlobalSection
	GlobalSection(ProjectConfigurationPlatforms) = postSolution
		{7C8B3A2F-1E4D-4A3B-9C2B-5F6E8D9A1B3C}.Debug|Any CPU.ActiveCfg = Debug|Any CPU
		{7C8B3A2F-1E4D-4A3B-9C2B-5F6E8D9A1B3C}.Debug|Any CPU.Build.0 = Debug|Any CPU
		{7C8B3A2F-1E4D-4A3B-9C2B-5F6E8D9A1B3C}.Debug|x64.ActiveCfg = Debug|Any CPU
		{7C8B3A2F-1E4D-4A3B-9C2B-5F6E8D9A1B3C}.Debug|x64.Build.0 = Debug|Any CPU
		{7C8B3A2F-1E4D-4A3B-9C2B-5F6E8D9A1B3C}.Debug|x86.ActiveCfg = Debug|Any CPU
		{7C8B3A2F-1E4D-4A3B-9C2B-5F6E8D9A1B3C}.Debug|x86.Build.0 = Debug|Any CPU
		{7C8B3A2F-1E4D-4A3B-9C2B-5F6E8D9A1B3C}.Release|Any CPU.ActiveCfg = Release|Any CPU
		{7C8B3A2F-1E4D-4A3B-9C2B-5F6E8D9A1B3C}.Release|Any CPU.Build.0 = Release|Any CPU
		{7C8B3A2F-1E4D-4A3B-9C2B-5F6E8D9A1B3C}.Release|x64.ActiveCfg = Release|Any CPU
		{7C8B3A2F-1E4D-4A3B-9C2B-5F6E8D9A1B3C}.Release|x64.Build.0 = Release|Any CPU
		{7C8B3A2F-1E4D-4A3B-9C2B-5F6E8D9A1B3C}.Release|x86.ActiveCfg = Release|Any CPU
		{7C8B3A2F-1E4D-4A3B-9C2B-5F6E8D9A1B3C}.Release|x86.Build.0 = Release|Any CPU
		{2FBFDC7B-E71A-453F-8C83-64C7F2E052A6}.Debug|Any CPU.ActiveCfg = Debug|Any CPU
		{2FBFDC7B-E71A-453F-8C83-64C7F2E052A6}.Debug|Any CPU.Build.0 = Debug|Any CPU
		{2FBFDC7B-E71A-453F-8C83-64C7F2E052A6}.Debug|x64.ActiveCfg = Debug|Any CPU
		{2FBFDC7B-E71A-453F-8C83-64C7F2E052A6}.Debug|x64.Build.0 = Debug|Any CPU
		{2FBFDC7B-E71A-453F-8C83-64C7F2E052A6}.Debug|x86.ActiveCfg = Debug|Any CPU
		{2FBFDC7B-E71A-453F-8C83-64C7F2E052A6}.Debug|x86.Build.0 = Debug|Any CPU
		{2FBFDC7B-E71A-453F-8C83-64C7F2E052A6}.Release|Any CPU.ActiveCfg = Release|Any CPU
		{2FBFDC7B-E71A-453F-8C83-64C7F2E052A6}.Release|Any CPU.Build.0 = Release|Any CPU
		{2FBFDC7B-E71A-453F-8C83-64C7F2E052A6}.Release|x64.ActiveCfg = Release|Any CPU
		{2FBFDC7B-E71A-453F-8C83-64C7F2E052A6}.Release|x64.Build.0 = Release|Any CPU
		{2FBFDC7B-E71A-453F-8C83-64C7F2E052A6}.Release|x86.ActiveCfg = Release|Any CPU
		{2FBFDC7B-E71A-453F-8C83-64C7F2E052A6}.Release|x86.Build.0 = Release|Any CPU
		{BB400B30-A7E3-43EC-B408-DAF4DD30EE7E}.Debug|Any CPU.ActiveCfg = Debug|Any CPU
		{BB400B30-A7E3-43EC-B408-DAF4DD30EE7E}.Debug|Any CPU.Build.0 = Debug|Any CPU
		{BB400B30-A7E3-43EC-B408-DAF4DD30EE7E}.Debug|x64.ActiveCfg = Debug|Any CPU
		{BB400B30-A7E3-43EC-B408-DAF4DD30EE7E}.Debug|x64.Build.0 = Debug|Any CPU
		{BB400B30-A7E3-43EC-B408-DAF4DD30EE7E}.Debug|x86.ActiveCfg = Debug|Any CPU
		{BB400B30-A7E3-43EC-B408-DAF4DD30EE7E}.Debug|x86.Build.0 = Debug|Any CPU
		{BB400B30-A7E3-43EC-B408-DAF4DD30EE7E}.Release|Any CPU.ActiveCfg = Release|Any CPU
		{BB400B30-A7E3-43EC-B408-DAF4DD30EE7E}.Release|Any CPU.Build.0 = Release|Any CPU
		{BB400B30-A7E3-43EC-B408-DAF4DD30EE7E}.Release|x64.ActiveCfg = Release|Any CPU
		{BB400B30-A7E3-43EC-B408-DAF4DD30EE7E}.Release|x64.Build.0 = Release|Any CPU
		{BB400B30-A7E3-43EC-B408-DAF4DD30EE7E}.Release|x86.ActiveCfg = Release|Any CPU
		{BB400B30-A7E3-43EC-B408-DAF4DD30EE7E}.Release|x86.Build.0 = Release|Any CPU
		{D33DD917-D343-4C80-8A92-0C14EFF3AED0}.Debug|Any CPU.ActiveCfg = Debug|Any CPU
		{D33DD917-D343-4C80-8A92-0C14EFF3AED0}.Debug|Any CPU.Build.0 = Debug|Any CPU
		{D33DD917-D343-4C80-8A92-0C14EFF3AED0}.Debug|x64.ActiveCfg = Debug|Any CPU
		{D33DD917-D343-4C80-8A92-0C14EFF3AED0}.Debug|x64.Build.0 = Debug|Any CPU
		{D33DD917-D343-4C80-8A92-0C14EFF3AED0}.Debug|x86.ActiveCfg = Debug|Any CPU
		{D33DD917-D343-4C80-8A92-0C14EFF3AED0}.Debug|x86.Build.0 = Debug|Any CPU
		{D33DD917-D343-4C80-8A92-0C14EFF3AED0}.Release|Any CPU.ActiveCfg = Release|Any CPU
		{D33DD917-D343-4C80-8A92-0C14EFF3AED0}.Release|Any CPU.Build.0 = Release|Any CPU
		{D33DD917-D343-4C80-8A92-0C14EFF3AED0}.Release|x64.ActiveCfg = Release|Any CPU
		{D33DD917-D343-4C80-8A92-0C14EFF3AED0}.Release|x64.Build.0 = Release|Any CPU
		{D33DD917-D343-4C80-8A92-0C14EFF3AED0}.Release|x86.ActiveCfg = Release|Any CPU
		{D33DD917-D343-4C80-8A92-0C14EFF3AED0}.Release|x86.Build.0 = Release|Any CPU
		{031D8107-E8C5-417D-9E31-59CE09AF0836}.Debug|Any CPU.ActiveCfg = Debug|Any CPU
		{031D8107-E8C5-417D-9E31-59CE09AF0836}.Debug|Any CPU.Build.0 = Debug|Any CPU
		{031D8107-E8C5-417D-9E31-59CE09AF0836}.Debug|x64.ActiveCfg = Debug|Any CPU
		{031D8107-E8C5-417D-9E31-59CE09AF0836}.Debug|x64.Build.0 = Debug|Any CPU
		{031D8107-E8C5-417D-9E31-59CE09AF0836}.Debug|x86.ActiveCfg = Debug|Any CPU
		{031D8107-E8C5-417D-9E31-59CE09AF0836}.Debug|x86.Build.0 = Debug|Any CPU
		{031D8107-E8C5-417D-9E31-59CE09AF0836}.Release|Any CPU.ActiveCfg = Release|Any CPU
		{031D8107-E8C5-417D-9E31-59CE09AF0836}.Release|Any CPU.Build.0 = Release|Any CPU
		{031D8107-E8C5-417D-9E31-59CE09AF0836}.Release|x64.ActiveCfg = Release|Any CPU
		{031D8107-E8C5-417D-9E31-59CE09AF0836}.Release|x64.Build.0 = Release|Any CPU
		{031D8107-E8C5-417D-9E31-59CE09AF0836}.Release|x86.ActiveCfg = Release|Any CPU
		{031D8107-E8C5-417D-9E31-59CE09AF0836}.Release|x86.Build.0 = Release|Any CPU
	EndGlobalSection
	GlobalSection(SolutionProperties) = preSolution
		HideSolutionNode = FALSE
	EndGlobalSection
	GlobalSection(NestedProjects) = preSolution
		{7C8B3A2F-1E4D-4A3B-9C2B-5F6E8D9A1B3C} = {827E0CD3-B72D-47B6-A68D-7590B98EB39B}
		{2FBFDC7B-E71A-453F-8C83-64C7F2E052A6} = {827E0CD3-B72D-47B6-A68D-7590B98EB39B}
		{BB400B30-A7E3-43EC-B408-DAF4DD30EE7E} = {827E0CD3-B72D-47B6-A68D-7590B98EB39B}
		{D33DD917-D343-4C80-8A92-0C14EFF3AED0} = {827E0CD3-B72D-47B6-A68D-7590B98EB39B}
		{031D8107-E8C5-417D-9E31-59CE09AF0836} = {827E0CD3-B72D-47B6-A68D-7590B98EB39B}
	EndGlobalSection
EndGlobal
